
Microsoft Visual Studio Solution File, Format Version 12.00
# Visual Studio Version 16
VisualStudioVersion = 16.0.30611.23
MinimumVisualStudioVersion = 10.0.40219.1
Project("{2150E333-8FDC-42A3-9474-1A3956D46DE8}") = "Modules", "Modules", "{ADE9AD3D-0780-4C1B-91E7-243498AAE36C}"
EndProject
Project("{2150E333-8FDC-42A3-9474-1A3956D46DE8}") = "Services", "Services", "{3E2D1EBB-16A2-44F0-BA6B-E31D9DC80080}"
EndProject
Project("{FAE04EC0-301F-11D3-BF4B-00C04F79EFBC}") = "GreatechApp.Services", "GreatechApp.Services\GreatechApp.Services.csproj", "{44A83060-D371-48EF-B996-28B57F098002}"
EndProject
Project("{FAE04EC0-301F-11D3-BF4B-00C04F79EFBC}") = "GreatechApp", "GreatechApp\GreatechApp.csproj", "{D0A49EF5-2D96-4A46-A35F-B51EC156D8C5}"
EndProject
Project("{FAE04EC0-301F-11D3-BF4B-00C04F79EFBC}") = "UIModule", "UIModule\UIModule.csproj", "{055E37BC-E4E3-4D3A-8E74-AD3E71EB27AF}"
EndProject
Project("{2150E333-8FDC-42A3-9474-1A3956D46DE8}") = "Manager", "Manager", "{5F878AB1-A903-4D73-B2AC-7C9CC12D40AC}"
EndProject
Project("{FAE04EC0-301F-11D3-BF4B-00C04F79EFBC}") = "IOManager", "IOManager\IOManager.csproj", "{F9180EE7-9889-4E7E-8EDB-052A2777FC37}"
EndProject
Project("{FAE04EC0-301F-11D3-BF4B-00C04F79EFBC}") = "TCPIPManager", "TCPIPManager\TCPIPManager.csproj", "{FFAB358D-9E76-4C94-9FE3-EFF9B3F56E0A}"
EndProject
Project("{9A19103F-16F7-4668-BE54-9A1E7A4F7556}") = "DBManager", "DBManager\DBManager.csproj", "{3E5FC9AF-BF25-46E8-A232-55965DF15850}"
EndProject
Project("{FAE04EC0-301F-11D3-BF4B-00C04F79EFBC}") = "Sequence", "Sequence\Sequence.csproj", "{46658B31-1E7B-4975-93B6-D8B75D00BCFA}"
EndProject
Project("{FAE04EC0-301F-11D3-BF4B-00C04F79EFBC}") = "ConfigManager", "ConfigManager\ConfigManager.csproj", "{269C8C91-CF4B-4366-A16D-D344E93EE571}"
EndProject
Project("{FAE04EC0-301F-11D3-BF4B-00C04F79EFBC}") = "GreatechApp.Core", "GreatechApp.Core\GreatechApp.Core.csproj", "{836015AE-5049-4B39-801F-A363AEA3C537}"
EndProject
Project("{FAE04EC0-301F-11D3-BF4B-00C04F79EFBC}") = "InterlockManager", "InterlockManager\InterlockManager.csproj", "{0485848D-DE0A-4B86-9F59-C413FD3E8750}"
EndProject
Project("{FAE04EC0-301F-11D3-BF4B-00C04F79EFBC}") = "DialogManager", "DialogManager\DialogManager.csproj", "{A1E535D6-89D2-4805-9109-C57F46A5A72C}"
EndProject
Project("{FAE04EC0-301F-11D3-BF4B-00C04F79EFBC}") = "SerialPortManager", "SerialPortManager\SerialPortManager.csproj", "{A26E73BD-86D3-4186-9656-A035A21D1093}"
EndProject
Global
	GlobalSection(SolutionConfigurationPlatforms) = preSolution
		Debug|Any CPU = Debug|Any CPU
		Debug|Mixed Platforms = Debug|Mixed Platforms
		Debug|x32 = Debug|x32
		Debug|x64 = Debug|x64
		Debug|x86 = Debug|x86
		Release|Any CPU = Release|Any CPU
		Release|Mixed Platforms = Release|Mixed Platforms
		Release|x32 = Release|x32
		Release|x64 = Release|x64
		Release|x86 = Release|x86
		Remote Debug|Any CPU = Remote Debug|Any CPU
		Remote Debug|Mixed Platforms = Remote Debug|Mixed Platforms
		Remote Debug|x32 = Remote Debug|x32
		Remote Debug|x64 = Remote Debug|x64
		Remote Debug|x86 = Remote Debug|x86
		Remote Release|Any CPU = Remote Release|Any CPU
		Remote Release|Mixed Platforms = Remote Release|Mixed Platforms
		Remote Release|x32 = Remote Release|x32
		Remote Release|x64 = Remote Release|x64
		Remote Release|x86 = Remote Release|x86
		Simulation|Any CPU = Simulation|Any CPU
		Simulation|Mixed Platforms = Simulation|Mixed Platforms
		Simulation|x32 = Simulation|x32
		Simulation|x64 = Simulation|x64
		Simulation|x86 = Simulation|x86
	EndGlobalSection
	GlobalSection(ProjectConfigurationPlatforms) = postSolution
		{44A83060-D371-48EF-B996-28B57F098002}.Debug|Any CPU.ActiveCfg = Debug|Any CPU
		{44A83060-D371-48EF-B996-28B57F098002}.Debug|Any CPU.Build.0 = Debug|Any CPU
		{44A83060-D371-48EF-B996-28B57F098002}.Debug|Mixed Platforms.ActiveCfg = Debug|Any CPU
		{44A83060-D371-48EF-B996-28B57F098002}.Debug|Mixed Platforms.Build.0 = Debug|Any CPU
		{44A83060-D371-48EF-B996-28B57F098002}.Debug|x32.ActiveCfg = Debug|Any CPU
		{44A83060-D371-48EF-B996-28B57F098002}.Debug|x32.Build.0 = Debug|Any CPU
		{44A83060-D371-48EF-B996-28B57F098002}.Debug|x64.ActiveCfg = Debug|x64
		{44A83060-D371-48EF-B996-28B57F098002}.Debug|x64.Build.0 = Debug|x64
		{44A83060-D371-48EF-B996-28B57F098002}.Debug|x86.ActiveCfg = Debug|x86
		{44A83060-D371-48EF-B996-28B57F098002}.Debug|x86.Build.0 = Debug|x86
		{44A83060-D371-48EF-B996-28B57F098002}.Release|Any CPU.ActiveCfg = Release|Any CPU
		{44A83060-D371-48EF-B996-28B57F098002}.Release|Any CPU.Build.0 = Release|Any CPU
		{44A83060-D371-48EF-B996-28B57F098002}.Release|Mixed Platforms.ActiveCfg = Release|Any CPU
		{44A83060-D371-48EF-B996-28B57F098002}.Release|Mixed Platforms.Build.0 = Release|Any CPU
		{44A83060-D371-48EF-B996-28B57F098002}.Release|x32.ActiveCfg = Release|Any CPU
		{44A83060-D371-48EF-B996-28B57F098002}.Release|x32.Build.0 = Release|Any CPU
		{44A83060-D371-48EF-B996-28B57F098002}.Release|x64.ActiveCfg = Release|x64
		{44A83060-D371-48EF-B996-28B57F098002}.Release|x64.Build.0 = Release|x64
		{44A83060-D371-48EF-B996-28B57F098002}.Release|x86.ActiveCfg = Release|x86
		{44A83060-D371-48EF-B996-28B57F098002}.Release|x86.Build.0 = Release|x86
		{44A83060-D371-48EF-B996-28B57F098002}.Remote Debug|Any CPU.ActiveCfg = Debug|Any CPU
		{44A83060-D371-48EF-B996-28B57F098002}.Remote Debug|Any CPU.Build.0 = Debug|Any CPU
		{44A83060-D371-48EF-B996-28B57F098002}.Remote Debug|Mixed Platforms.ActiveCfg = Remote Debug|x86
		{44A83060-D371-48EF-B996-28B57F098002}.Remote Debug|Mixed Platforms.Build.0 = Remote Debug|x86
		{44A83060-D371-48EF-B996-28B57F098002}.Remote Debug|x32.ActiveCfg = Remote Debug|x86
		{44A83060-D371-48EF-B996-28B57F098002}.Remote Debug|x32.Build.0 = Remote Debug|x86
		{44A83060-D371-48EF-B996-28B57F098002}.Remote Debug|x64.ActiveCfg = Remote Debug|x64
		{44A83060-D371-48EF-B996-28B57F098002}.Remote Debug|x64.Build.0 = Remote Debug|x64
		{44A83060-D371-48EF-B996-28B57F098002}.Remote Debug|x86.ActiveCfg = Remote Debug|x86
		{44A83060-D371-48EF-B996-28B57F098002}.Remote Debug|x86.Build.0 = Remote Debug|x86
		{44A83060-D371-48EF-B996-28B57F098002}.Remote Release|Any CPU.ActiveCfg = Release|Any CPU
		{44A83060-D371-48EF-B996-28B57F098002}.Remote Release|Any CPU.Build.0 = Release|Any CPU
		{44A83060-D371-48EF-B996-28B57F098002}.Remote Release|Mixed Platforms.ActiveCfg = Remote Release|x86
		{44A83060-D371-48EF-B996-28B57F098002}.Remote Release|Mixed Platforms.Build.0 = Remote Release|x86
		{44A83060-D371-48EF-B996-28B57F098002}.Remote Release|x32.ActiveCfg = Remote Release|x86
		{44A83060-D371-48EF-B996-28B57F098002}.Remote Release|x32.Build.0 = Remote Release|x86
		{44A83060-D371-48EF-B996-28B57F098002}.Remote Release|x64.ActiveCfg = Remote Release|x64
		{44A83060-D371-48EF-B996-28B57F098002}.Remote Release|x64.Build.0 = Remote Release|x64
		{44A83060-D371-48EF-B996-28B57F098002}.Remote Release|x86.ActiveCfg = Remote Release|x86
		{44A83060-D371-48EF-B996-28B57F098002}.Remote Release|x86.Build.0 = Remote Release|x86
		{44A83060-D371-48EF-B996-28B57F098002}.Simulation|Any CPU.ActiveCfg = Debug|Any CPU
		{44A83060-D371-48EF-B996-28B57F098002}.Simulation|Any CPU.Build.0 = Debug|Any CPU
		{44A83060-D371-48EF-B996-28B57F098002}.Simulation|Mixed Platforms.ActiveCfg = Simulation|Any CPU
		{44A83060-D371-48EF-B996-28B57F098002}.Simulation|Mixed Platforms.Build.0 = Simulation|Any CPU
		{44A83060-D371-48EF-B996-28B57F098002}.Simulation|x32.ActiveCfg = Simulation|Any CPU
		{44A83060-D371-48EF-B996-28B57F098002}.Simulation|x32.Build.0 = Simulation|Any CPU
		{44A83060-D371-48EF-B996-28B57F098002}.Simulation|x64.ActiveCfg = Debug|x64
		{44A83060-D371-48EF-B996-28B57F098002}.Simulation|x64.Build.0 = Debug|x64
		{44A83060-D371-48EF-B996-28B57F098002}.Simulation|x86.ActiveCfg = Debug|x86
		{44A83060-D371-48EF-B996-28B57F098002}.Simulation|x86.Build.0 = Debug|x86
		{D0A49EF5-2D96-4A46-A35F-B51EC156D8C5}.Debug|Any CPU.ActiveCfg = Debug|Any CPU
		{D0A49EF5-2D96-4A46-A35F-B51EC156D8C5}.Debug|Any CPU.Build.0 = Debug|Any CPU
		{D0A49EF5-2D96-4A46-A35F-B51EC156D8C5}.Debug|Mixed Platforms.ActiveCfg = Debug|x64
		{D0A49EF5-2D96-4A46-A35F-B51EC156D8C5}.Debug|Mixed Platforms.Build.0 = Debug|x64
		{D0A49EF5-2D96-4A46-A35F-B51EC156D8C5}.Debug|x32.ActiveCfg = Debug|x64
		{D0A49EF5-2D96-4A46-A35F-B51EC156D8C5}.Debug|x32.Build.0 = Debug|x64
		{D0A49EF5-2D96-4A46-A35F-B51EC156D8C5}.Debug|x64.ActiveCfg = Debug|x64
		{D0A49EF5-2D96-4A46-A35F-B51EC156D8C5}.Debug|x64.Build.0 = Debug|x64
		{D0A49EF5-2D96-4A46-A35F-B51EC156D8C5}.Debug|x86.ActiveCfg = Debug|x86
		{D0A49EF5-2D96-4A46-A35F-B51EC156D8C5}.Debug|x86.Build.0 = Debug|x86
		{D0A49EF5-2D96-4A46-A35F-B51EC156D8C5}.Release|Any CPU.ActiveCfg = Release|Any CPU
		{D0A49EF5-2D96-4A46-A35F-B51EC156D8C5}.Release|Any CPU.Build.0 = Release|Any CPU
		{D0A49EF5-2D96-4A46-A35F-B51EC156D8C5}.Release|Mixed Platforms.ActiveCfg = Release|Any CPU
		{D0A49EF5-2D96-4A46-A35F-B51EC156D8C5}.Release|Mixed Platforms.Build.0 = Release|Any CPU
		{D0A49EF5-2D96-4A46-A35F-B51EC156D8C5}.Release|x32.ActiveCfg = Release|Any CPU
		{D0A49EF5-2D96-4A46-A35F-B51EC156D8C5}.Release|x32.Build.0 = Release|Any CPU
		{D0A49EF5-2D96-4A46-A35F-B51EC156D8C5}.Release|x64.ActiveCfg = Release|x64
		{D0A49EF5-2D96-4A46-A35F-B51EC156D8C5}.Release|x64.Build.0 = Release|x64
		{D0A49EF5-2D96-4A46-A35F-B51EC156D8C5}.Release|x86.ActiveCfg = Release|x86
		{D0A49EF5-2D96-4A46-A35F-B51EC156D8C5}.Release|x86.Build.0 = Release|x86
		{D0A49EF5-2D96-4A46-A35F-B51EC156D8C5}.Remote Debug|Any CPU.ActiveCfg = Remote Debug|Any CPU
		{D0A49EF5-2D96-4A46-A35F-B51EC156D8C5}.Remote Debug|Any CPU.Build.0 = Remote Debug|Any CPU
		{D0A49EF5-2D96-4A46-A35F-B51EC156D8C5}.Remote Debug|Mixed Platforms.ActiveCfg = Remote Debug|x86
		{D0A49EF5-2D96-4A46-A35F-B51EC156D8C5}.Remote Debug|Mixed Platforms.Build.0 = Remote Debug|x86
		{D0A49EF5-2D96-4A46-A35F-B51EC156D8C5}.Remote Debug|x32.ActiveCfg = Remote Debug|x86
		{D0A49EF5-2D96-4A46-A35F-B51EC156D8C5}.Remote Debug|x32.Build.0 = Remote Debug|x86
		{D0A49EF5-2D96-4A46-A35F-B51EC156D8C5}.Remote Debug|x64.ActiveCfg = Remote Debug|x64
		{D0A49EF5-2D96-4A46-A35F-B51EC156D8C5}.Remote Debug|x64.Build.0 = Remote Debug|x64
		{D0A49EF5-2D96-4A46-A35F-B51EC156D8C5}.Remote Debug|x86.ActiveCfg = Remote Debug|x86
		{D0A49EF5-2D96-4A46-A35F-B51EC156D8C5}.Remote Debug|x86.Build.0 = Remote Debug|x86
		{D0A49EF5-2D96-4A46-A35F-B51EC156D8C5}.Remote Release|Any CPU.ActiveCfg = Remote Release|Any CPU
		{D0A49EF5-2D96-4A46-A35F-B51EC156D8C5}.Remote Release|Any CPU.Build.0 = Remote Release|Any CPU
		{D0A49EF5-2D96-4A46-A35F-B51EC156D8C5}.Remote Release|Mixed Platforms.ActiveCfg = Remote Release|x86
		{D0A49EF5-2D96-4A46-A35F-B51EC156D8C5}.Remote Release|Mixed Platforms.Build.0 = Remote Release|x86
		{D0A49EF5-2D96-4A46-A35F-B51EC156D8C5}.Remote Release|x32.ActiveCfg = Remote Release|x86
		{D0A49EF5-2D96-4A46-A35F-B51EC156D8C5}.Remote Release|x32.Build.0 = Remote Release|x86
		{D0A49EF5-2D96-4A46-A35F-B51EC156D8C5}.Remote Release|x64.ActiveCfg = Remote Release|x64
		{D0A49EF5-2D96-4A46-A35F-B51EC156D8C5}.Remote Release|x64.Build.0 = Remote Release|x64
		{D0A49EF5-2D96-4A46-A35F-B51EC156D8C5}.Remote Release|x86.ActiveCfg = Remote Release|x86
		{D0A49EF5-2D96-4A46-A35F-B51EC156D8C5}.Remote Release|x86.Build.0 = Remote Release|x86
		{D0A49EF5-2D96-4A46-A35F-B51EC156D8C5}.Simulation|Any CPU.ActiveCfg = Debug|Any CPU
		{D0A49EF5-2D96-4A46-A35F-B51EC156D8C5}.Simulation|Any CPU.Build.0 = Debug|Any CPU
		{D0A49EF5-2D96-4A46-A35F-B51EC156D8C5}.Simulation|Mixed Platforms.ActiveCfg = Simulation|Any CPU
		{D0A49EF5-2D96-4A46-A35F-B51EC156D8C5}.Simulation|Mixed Platforms.Build.0 = Simulation|Any CPU
		{D0A49EF5-2D96-4A46-A35F-B51EC156D8C5}.Simulation|x32.ActiveCfg = Simulation|Any CPU
		{D0A49EF5-2D96-4A46-A35F-B51EC156D8C5}.Simulation|x32.Build.0 = Simulation|Any CPU
		{D0A49EF5-2D96-4A46-A35F-B51EC156D8C5}.Simulation|x64.ActiveCfg = Debug|x64
		{D0A49EF5-2D96-4A46-A35F-B51EC156D8C5}.Simulation|x64.Build.0 = Debug|x64
		{D0A49EF5-2D96-4A46-A35F-B51EC156D8C5}.Simulation|x86.ActiveCfg = Debug|x86
		{D0A49EF5-2D96-4A46-A35F-B51EC156D8C5}.Simulation|x86.Build.0 = Debug|x86
		{055E37BC-E4E3-4D3A-8E74-AD3E71EB27AF}.Debug|Any CPU.ActiveCfg = Debug|Any CPU
		{055E37BC-E4E3-4D3A-8E74-AD3E71EB27AF}.Debug|Any CPU.Build.0 = Debug|Any CPU
		{055E37BC-E4E3-4D3A-8E74-AD3E71EB27AF}.Debug|Mixed Platforms.ActiveCfg = Debug|Any CPU
		{055E37BC-E4E3-4D3A-8E74-AD3E71EB27AF}.Debug|Mixed Platforms.Build.0 = Debug|Any CPU
		{055E37BC-E4E3-4D3A-8E74-AD3E71EB27AF}.Debug|x32.ActiveCfg = Debug|Any CPU
		{055E37BC-E4E3-4D3A-8E74-AD3E71EB27AF}.Debug|x32.Build.0 = Debug|Any CPU
		{055E37BC-E4E3-4D3A-8E74-AD3E71EB27AF}.Debug|x64.ActiveCfg = Debug|x64
		{055E37BC-E4E3-4D3A-8E74-AD3E71EB27AF}.Debug|x64.Build.0 = Debug|x64
		{055E37BC-E4E3-4D3A-8E74-AD3E71EB27AF}.Debug|x86.ActiveCfg = Debug|x86
		{055E37BC-E4E3-4D3A-8E74-AD3E71EB27AF}.Debug|x86.Build.0 = Debug|x86
		{055E37BC-E4E3-4D3A-8E74-AD3E71EB27AF}.Release|Any CPU.ActiveCfg = Release|Any CPU
		{055E37BC-E4E3-4D3A-8E74-AD3E71EB27AF}.Release|Any CPU.Build.0 = Release|Any CPU
		{055E37BC-E4E3-4D3A-8E74-AD3E71EB27AF}.Release|Mixed Platforms.ActiveCfg = Release|Any CPU
		{055E37BC-E4E3-4D3A-8E74-AD3E71EB27AF}.Release|Mixed Platforms.Build.0 = Release|Any CPU
		{055E37BC-E4E3-4D3A-8E74-AD3E71EB27AF}.Release|x32.ActiveCfg = Release|Any CPU
		{055E37BC-E4E3-4D3A-8E74-AD3E71EB27AF}.Release|x32.Build.0 = Release|Any CPU
		{055E37BC-E4E3-4D3A-8E74-AD3E71EB27AF}.Release|x64.ActiveCfg = Release|x64
		{055E37BC-E4E3-4D3A-8E74-AD3E71EB27AF}.Release|x64.Build.0 = Release|x64
		{055E37BC-E4E3-4D3A-8E74-AD3E71EB27AF}.Release|x86.ActiveCfg = Release|x86
		{055E37BC-E4E3-4D3A-8E74-AD3E71EB27AF}.Release|x86.Build.0 = Release|x86
		{055E37BC-E4E3-4D3A-8E74-AD3E71EB27AF}.Remote Debug|Any CPU.ActiveCfg = Remote Debug|Any CPU
		{055E37BC-E4E3-4D3A-8E74-AD3E71EB27AF}.Remote Debug|Any CPU.Build.0 = Remote Debug|Any CPU
		{055E37BC-E4E3-4D3A-8E74-AD3E71EB27AF}.Remote Debug|Mixed Platforms.ActiveCfg = Remote Debug|x86
		{055E37BC-E4E3-4D3A-8E74-AD3E71EB27AF}.Remote Debug|Mixed Platforms.Build.0 = Remote Debug|x86
		{055E37BC-E4E3-4D3A-8E74-AD3E71EB27AF}.Remote Debug|x32.ActiveCfg = Remote Debug|x86
		{055E37BC-E4E3-4D3A-8E74-AD3E71EB27AF}.Remote Debug|x32.Build.0 = Remote Debug|x86
		{055E37BC-E4E3-4D3A-8E74-AD3E71EB27AF}.Remote Debug|x64.ActiveCfg = Remote Debug|x64
		{055E37BC-E4E3-4D3A-8E74-AD3E71EB27AF}.Remote Debug|x64.Build.0 = Remote Debug|x64
		{055E37BC-E4E3-4D3A-8E74-AD3E71EB27AF}.Remote Debug|x86.ActiveCfg = Remote Debug|x86
		{055E37BC-E4E3-4D3A-8E74-AD3E71EB27AF}.Remote Debug|x86.Build.0 = Remote Debug|x86
		{055E37BC-E4E3-4D3A-8E74-AD3E71EB27AF}.Remote Release|Any CPU.ActiveCfg = Remote Release|Any CPU
		{055E37BC-E4E3-4D3A-8E74-AD3E71EB27AF}.Remote Release|Any CPU.Build.0 = Remote Release|Any CPU
		{055E37BC-E4E3-4D3A-8E74-AD3E71EB27AF}.Remote Release|Mixed Platforms.ActiveCfg = Remote Release|x86
		{055E37BC-E4E3-4D3A-8E74-AD3E71EB27AF}.Remote Release|Mixed Platforms.Build.0 = Remote Release|x86
		{055E37BC-E4E3-4D3A-8E74-AD3E71EB27AF}.Remote Release|x32.ActiveCfg = Remote Release|x86
		{055E37BC-E4E3-4D3A-8E74-AD3E71EB27AF}.Remote Release|x32.Build.0 = Remote Release|x86
		{055E37BC-E4E3-4D3A-8E74-AD3E71EB27AF}.Remote Release|x64.ActiveCfg = Remote Release|x64
		{055E37BC-E4E3-4D3A-8E74-AD3E71EB27AF}.Remote Release|x64.Build.0 = Remote Release|x64
		{055E37BC-E4E3-4D3A-8E74-AD3E71EB27AF}.Remote Release|x86.ActiveCfg = Remote Release|x86
		{055E37BC-E4E3-4D3A-8E74-AD3E71EB27AF}.Remote Release|x86.Build.0 = Remote Release|x86
		{055E37BC-E4E3-4D3A-8E74-AD3E71EB27AF}.Simulation|Any CPU.ActiveCfg = Simulation|Any CPU
		{055E37BC-E4E3-4D3A-8E74-AD3E71EB27AF}.Simulation|Any CPU.Build.0 = Simulation|Any CPU
		{055E37BC-E4E3-4D3A-8E74-AD3E71EB27AF}.Simulation|Mixed Platforms.ActiveCfg = Simulation|x86
		{055E37BC-E4E3-4D3A-8E74-AD3E71EB27AF}.Simulation|Mixed Platforms.Build.0 = Simulation|x86
		{055E37BC-E4E3-4D3A-8E74-AD3E71EB27AF}.Simulation|x32.ActiveCfg = Simulation|x86
		{055E37BC-E4E3-4D3A-8E74-AD3E71EB27AF}.Simulation|x32.Build.0 = Simulation|x86
		{055E37BC-E4E3-4D3A-8E74-AD3E71EB27AF}.Simulation|x64.ActiveCfg = Debug|x64
		{055E37BC-E4E3-4D3A-8E74-AD3E71EB27AF}.Simulation|x64.Build.0 = Debug|x64
		{055E37BC-E4E3-4D3A-8E74-AD3E71EB27AF}.Simulation|x86.ActiveCfg = Debug|x86
		{055E37BC-E4E3-4D3A-8E74-AD3E71EB27AF}.Simulation|x86.Build.0 = Debug|x86
		{F9180EE7-9889-4E7E-8EDB-052A2777FC37}.Debug|Any CPU.ActiveCfg = Debug|Any CPU
		{F9180EE7-9889-4E7E-8EDB-052A2777FC37}.Debug|Any CPU.Build.0 = Debug|Any CPU
		{F9180EE7-9889-4E7E-8EDB-052A2777FC37}.Debug|Mixed Platforms.ActiveCfg = Debug|Any CPU
		{F9180EE7-9889-4E7E-8EDB-052A2777FC37}.Debug|Mixed Platforms.Build.0 = Debug|Any CPU
		{F9180EE7-9889-4E7E-8EDB-052A2777FC37}.Debug|x32.ActiveCfg = Debug|Any CPU
		{F9180EE7-9889-4E7E-8EDB-052A2777FC37}.Debug|x32.Build.0 = Debug|Any CPU
		{F9180EE7-9889-4E7E-8EDB-052A2777FC37}.Debug|x64.ActiveCfg = Debug|x64
		{F9180EE7-9889-4E7E-8EDB-052A2777FC37}.Debug|x64.Build.0 = Debug|x64
		{F9180EE7-9889-4E7E-8EDB-052A2777FC37}.Debug|x86.ActiveCfg = Debug|x86
		{F9180EE7-9889-4E7E-8EDB-052A2777FC37}.Debug|x86.Build.0 = Debug|x86
		{F9180EE7-9889-4E7E-8EDB-052A2777FC37}.Release|Any CPU.ActiveCfg = Release|Any CPU
		{F9180EE7-9889-4E7E-8EDB-052A2777FC37}.Release|Any CPU.Build.0 = Release|Any CPU
		{F9180EE7-9889-4E7E-8EDB-052A2777FC37}.Release|Mixed Platforms.ActiveCfg = Release|Any CPU
		{F9180EE7-9889-4E7E-8EDB-052A2777FC37}.Release|Mixed Platforms.Build.0 = Release|Any CPU
		{F9180EE7-9889-4E7E-8EDB-052A2777FC37}.Release|x32.ActiveCfg = Release|Any CPU
		{F9180EE7-9889-4E7E-8EDB-052A2777FC37}.Release|x32.Build.0 = Release|Any CPU
		{F9180EE7-9889-4E7E-8EDB-052A2777FC37}.Release|x64.ActiveCfg = Release|x64
		{F9180EE7-9889-4E7E-8EDB-052A2777FC37}.Release|x64.Build.0 = Release|x64
		{F9180EE7-9889-4E7E-8EDB-052A2777FC37}.Release|x86.ActiveCfg = Release|x86
		{F9180EE7-9889-4E7E-8EDB-052A2777FC37}.Release|x86.Build.0 = Release|x86
		{F9180EE7-9889-4E7E-8EDB-052A2777FC37}.Remote Debug|Any CPU.ActiveCfg = Debug|Any CPU
		{F9180EE7-9889-4E7E-8EDB-052A2777FC37}.Remote Debug|Any CPU.Build.0 = Debug|Any CPU
		{F9180EE7-9889-4E7E-8EDB-052A2777FC37}.Remote Debug|Mixed Platforms.ActiveCfg = Remote Debug|x86
		{F9180EE7-9889-4E7E-8EDB-052A2777FC37}.Remote Debug|Mixed Platforms.Build.0 = Remote Debug|x86
		{F9180EE7-9889-4E7E-8EDB-052A2777FC37}.Remote Debug|x32.ActiveCfg = Remote Debug|x86
		{F9180EE7-9889-4E7E-8EDB-052A2777FC37}.Remote Debug|x32.Build.0 = Remote Debug|x86
		{F9180EE7-9889-4E7E-8EDB-052A2777FC37}.Remote Debug|x64.ActiveCfg = Remote Debug|x64
		{F9180EE7-9889-4E7E-8EDB-052A2777FC37}.Remote Debug|x64.Build.0 = Remote Debug|x64
		{F9180EE7-9889-4E7E-8EDB-052A2777FC37}.Remote Debug|x86.ActiveCfg = Remote Debug|x86
		{F9180EE7-9889-4E7E-8EDB-052A2777FC37}.Remote Debug|x86.Build.0 = Remote Debug|x86
		{F9180EE7-9889-4E7E-8EDB-052A2777FC37}.Remote Release|Any CPU.ActiveCfg = Release|Any CPU
		{F9180EE7-9889-4E7E-8EDB-052A2777FC37}.Remote Release|Any CPU.Build.0 = Release|Any CPU
		{F9180EE7-9889-4E7E-8EDB-052A2777FC37}.Remote Release|Mixed Platforms.ActiveCfg = Remote Release|x86
		{F9180EE7-9889-4E7E-8EDB-052A2777FC37}.Remote Release|Mixed Platforms.Build.0 = Remote Release|x86
		{F9180EE7-9889-4E7E-8EDB-052A2777FC37}.Remote Release|x32.ActiveCfg = Remote Release|x86
		{F9180EE7-9889-4E7E-8EDB-052A2777FC37}.Remote Release|x32.Build.0 = Remote Release|x86
		{F9180EE7-9889-4E7E-8EDB-052A2777FC37}.Remote Release|x64.ActiveCfg = Remote Release|x64
		{F9180EE7-9889-4E7E-8EDB-052A2777FC37}.Remote Release|x64.Build.0 = Remote Release|x64
		{F9180EE7-9889-4E7E-8EDB-052A2777FC37}.Remote Release|x86.ActiveCfg = Remote Release|x86
		{F9180EE7-9889-4E7E-8EDB-052A2777FC37}.Remote Release|x86.Build.0 = Remote Release|x86
		{F9180EE7-9889-4E7E-8EDB-052A2777FC37}.Simulation|Any CPU.ActiveCfg = Simulation|Any CPU
		{F9180EE7-9889-4E7E-8EDB-052A2777FC37}.Simulation|Any CPU.Build.0 = Simulation|Any CPU
		{F9180EE7-9889-4E7E-8EDB-052A2777FC37}.Simulation|Mixed Platforms.ActiveCfg = Simulation|Any CPU
		{F9180EE7-9889-4E7E-8EDB-052A2777FC37}.Simulation|Mixed Platforms.Build.0 = Simulation|Any CPU
		{F9180EE7-9889-4E7E-8EDB-052A2777FC37}.Simulation|x32.ActiveCfg = Simulation|Any CPU
		{F9180EE7-9889-4E7E-8EDB-052A2777FC37}.Simulation|x32.Build.0 = Simulation|Any CPU
		{F9180EE7-9889-4E7E-8EDB-052A2777FC37}.Simulation|x64.ActiveCfg = Debug|x64
		{F9180EE7-9889-4E7E-8EDB-052A2777FC37}.Simulation|x64.Build.0 = Debug|x64
		{F9180EE7-9889-4E7E-8EDB-052A2777FC37}.Simulation|x86.ActiveCfg = Debug|x86
		{F9180EE7-9889-4E7E-8EDB-052A2777FC37}.Simulation|x86.Build.0 = Debug|x86
		{FFAB358D-9E76-4C94-9FE3-EFF9B3F56E0A}.Debug|Any CPU.ActiveCfg = Debug|Any CPU
		{FFAB358D-9E76-4C94-9FE3-EFF9B3F56E0A}.Debug|Any CPU.Build.0 = Debug|Any CPU
		{FFAB358D-9E76-4C94-9FE3-EFF9B3F56E0A}.Debug|Mixed Platforms.ActiveCfg = Debug|Any CPU
		{FFAB358D-9E76-4C94-9FE3-EFF9B3F56E0A}.Debug|Mixed Platforms.Build.0 = Debug|Any CPU
		{FFAB358D-9E76-4C94-9FE3-EFF9B3F56E0A}.Debug|x32.ActiveCfg = Debug|Any CPU
		{FFAB358D-9E76-4C94-9FE3-EFF9B3F56E0A}.Debug|x32.Build.0 = Debug|Any CPU
		{FFAB358D-9E76-4C94-9FE3-EFF9B3F56E0A}.Debug|x64.ActiveCfg = Debug|x64
		{FFAB358D-9E76-4C94-9FE3-EFF9B3F56E0A}.Debug|x64.Build.0 = Debug|x64
		{FFAB358D-9E76-4C94-9FE3-EFF9B3F56E0A}.Debug|x86.ActiveCfg = Debug|x86
		{FFAB358D-9E76-4C94-9FE3-EFF9B3F56E0A}.Debug|x86.Build.0 = Debug|x86
		{FFAB358D-9E76-4C94-9FE3-EFF9B3F56E0A}.Release|Any CPU.ActiveCfg = Release|Any CPU
		{FFAB358D-9E76-4C94-9FE3-EFF9B3F56E0A}.Release|Any CPU.Build.0 = Release|Any CPU
		{FFAB358D-9E76-4C94-9FE3-EFF9B3F56E0A}.Release|Mixed Platforms.ActiveCfg = Release|Any CPU
		{FFAB358D-9E76-4C94-9FE3-EFF9B3F56E0A}.Release|Mixed Platforms.Build.0 = Release|Any CPU
		{FFAB358D-9E76-4C94-9FE3-EFF9B3F56E0A}.Release|x32.ActiveCfg = Release|Any CPU
		{FFAB358D-9E76-4C94-9FE3-EFF9B3F56E0A}.Release|x32.Build.0 = Release|Any CPU
		{FFAB358D-9E76-4C94-9FE3-EFF9B3F56E0A}.Release|x64.ActiveCfg = Release|x64
		{FFAB358D-9E76-4C94-9FE3-EFF9B3F56E0A}.Release|x64.Build.0 = Release|x64
		{FFAB358D-9E76-4C94-9FE3-EFF9B3F56E0A}.Release|x86.ActiveCfg = Release|x86
		{FFAB358D-9E76-4C94-9FE3-EFF9B3F56E0A}.Release|x86.Build.0 = Release|x86
		{FFAB358D-9E76-4C94-9FE3-EFF9B3F56E0A}.Remote Debug|Any CPU.ActiveCfg = Debug|Any CPU
		{FFAB358D-9E76-4C94-9FE3-EFF9B3F56E0A}.Remote Debug|Any CPU.Build.0 = Debug|Any CPU
		{FFAB358D-9E76-4C94-9FE3-EFF9B3F56E0A}.Remote Debug|Mixed Platforms.ActiveCfg = Remote Debug|x86
		{FFAB358D-9E76-4C94-9FE3-EFF9B3F56E0A}.Remote Debug|Mixed Platforms.Build.0 = Remote Debug|x86
		{FFAB358D-9E76-4C94-9FE3-EFF9B3F56E0A}.Remote Debug|x32.ActiveCfg = Remote Debug|x86
		{FFAB358D-9E76-4C94-9FE3-EFF9B3F56E0A}.Remote Debug|x32.Build.0 = Remote Debug|x86
		{FFAB358D-9E76-4C94-9FE3-EFF9B3F56E0A}.Remote Debug|x64.ActiveCfg = Remote Debug|x64
		{FFAB358D-9E76-4C94-9FE3-EFF9B3F56E0A}.Remote Debug|x64.Build.0 = Remote Debug|x64
		{FFAB358D-9E76-4C94-9FE3-EFF9B3F56E0A}.Remote Debug|x86.ActiveCfg = Remote Debug|x86
		{FFAB358D-9E76-4C94-9FE3-EFF9B3F56E0A}.Remote Debug|x86.Build.0 = Remote Debug|x86
		{FFAB358D-9E76-4C94-9FE3-EFF9B3F56E0A}.Remote Release|Any CPU.ActiveCfg = Release|Any CPU
		{FFAB358D-9E76-4C94-9FE3-EFF9B3F56E0A}.Remote Release|Any CPU.Build.0 = Release|Any CPU
		{FFAB358D-9E76-4C94-9FE3-EFF9B3F56E0A}.Remote Release|Mixed Platforms.ActiveCfg = Remote Release|x86
		{FFAB358D-9E76-4C94-9FE3-EFF9B3F56E0A}.Remote Release|Mixed Platforms.Build.0 = Remote Release|x86
		{FFAB358D-9E76-4C94-9FE3-EFF9B3F56E0A}.Remote Release|x32.ActiveCfg = Remote Release|x86
		{FFAB358D-9E76-4C94-9FE3-EFF9B3F56E0A}.Remote Release|x32.Build.0 = Remote Release|x86
		{FFAB358D-9E76-4C94-9FE3-EFF9B3F56E0A}.Remote Release|x64.ActiveCfg = Remote Release|x64
		{FFAB358D-9E76-4C94-9FE3-EFF9B3F56E0A}.Remote Release|x64.Build.0 = Remote Release|x64
		{FFAB358D-9E76-4C94-9FE3-EFF9B3F56E0A}.Remote Release|x86.ActiveCfg = Remote Release|x86
		{FFAB358D-9E76-4C94-9FE3-EFF9B3F56E0A}.Remote Release|x86.Build.0 = Remote Release|x86
		{FFAB358D-9E76-4C94-9FE3-EFF9B3F56E0A}.Simulation|Any CPU.ActiveCfg = Debug|Any CPU
		{FFAB358D-9E76-4C94-9FE3-EFF9B3F56E0A}.Simulation|Any CPU.Build.0 = Debug|Any CPU
		{FFAB358D-9E76-4C94-9FE3-EFF9B3F56E0A}.Simulation|Mixed Platforms.ActiveCfg = Simulation|Any CPU
		{FFAB358D-9E76-4C94-9FE3-EFF9B3F56E0A}.Simulation|Mixed Platforms.Build.0 = Simulation|Any CPU
		{FFAB358D-9E76-4C94-9FE3-EFF9B3F56E0A}.Simulation|x32.ActiveCfg = Simulation|Any CPU
		{FFAB358D-9E76-4C94-9FE3-EFF9B3F56E0A}.Simulation|x32.Build.0 = Simulation|Any CPU
		{FFAB358D-9E76-4C94-9FE3-EFF9B3F56E0A}.Simulation|x64.ActiveCfg = Debug|x64
		{FFAB358D-9E76-4C94-9FE3-EFF9B3F56E0A}.Simulation|x64.Build.0 = Debug|x64
		{FFAB358D-9E76-4C94-9FE3-EFF9B3F56E0A}.Simulation|x86.ActiveCfg = Debug|x86
		{FFAB358D-9E76-4C94-9FE3-EFF9B3F56E0A}.Simulation|x86.Build.0 = Debug|x86
		{3E5FC9AF-BF25-46E8-A232-55965DF15850}.Debug|Any CPU.ActiveCfg = Debug|Any CPU
		{3E5FC9AF-BF25-46E8-A232-55965DF15850}.Debug|Any CPU.Build.0 = Debug|Any CPU
		{3E5FC9AF-BF25-46E8-A232-55965DF15850}.Debug|Mixed Platforms.ActiveCfg = Debug|Any CPU
		{3E5FC9AF-BF25-46E8-A232-55965DF15850}.Debug|Mixed Platforms.Build.0 = Debug|Any CPU
		{3E5FC9AF-BF25-46E8-A232-55965DF15850}.Debug|x32.ActiveCfg = Debug|Any CPU
		{3E5FC9AF-BF25-46E8-A232-55965DF15850}.Debug|x32.Build.0 = Debug|Any CPU
		{3E5FC9AF-BF25-46E8-A232-55965DF15850}.Debug|x64.ActiveCfg = Debug|x64
		{3E5FC9AF-BF25-46E8-A232-55965DF15850}.Debug|x64.Build.0 = Debug|x64
		{3E5FC9AF-BF25-46E8-A232-55965DF15850}.Debug|x86.ActiveCfg = Debug|x86
		{3E5FC9AF-BF25-46E8-A232-55965DF15850}.Debug|x86.Build.0 = Debug|x86
		{3E5FC9AF-BF25-46E8-A232-55965DF15850}.Release|Any CPU.ActiveCfg = Release|Any CPU
		{3E5FC9AF-BF25-46E8-A232-55965DF15850}.Release|Any CPU.Build.0 = Release|Any CPU
		{3E5FC9AF-BF25-46E8-A232-55965DF15850}.Release|Mixed Platforms.ActiveCfg = Release|Any CPU
		{3E5FC9AF-BF25-46E8-A232-55965DF15850}.Release|Mixed Platforms.Build.0 = Release|Any CPU
		{3E5FC9AF-BF25-46E8-A232-55965DF15850}.Release|x32.ActiveCfg = Release|Any CPU
		{3E5FC9AF-BF25-46E8-A232-55965DF15850}.Release|x32.Build.0 = Release|Any CPU
		{3E5FC9AF-BF25-46E8-A232-55965DF15850}.Release|x64.ActiveCfg = Release|x64
		{3E5FC9AF-BF25-46E8-A232-55965DF15850}.Release|x64.Build.0 = Release|x64
		{3E5FC9AF-BF25-46E8-A232-55965DF15850}.Release|x86.ActiveCfg = Release|x86
		{3E5FC9AF-BF25-46E8-A232-55965DF15850}.Release|x86.Build.0 = Release|x86
		{3E5FC9AF-BF25-46E8-A232-55965DF15850}.Remote Debug|Any CPU.ActiveCfg = Debug|Any CPU
		{3E5FC9AF-BF25-46E8-A232-55965DF15850}.Remote Debug|Any CPU.Build.0 = Debug|Any CPU
		{3E5FC9AF-BF25-46E8-A232-55965DF15850}.Remote Debug|Mixed Platforms.ActiveCfg = Remote Debug|x86
		{3E5FC9AF-BF25-46E8-A232-55965DF15850}.Remote Debug|Mixed Platforms.Build.0 = Remote Debug|x86
		{3E5FC9AF-BF25-46E8-A232-55965DF15850}.Remote Debug|x32.ActiveCfg = Remote Debug|x86
		{3E5FC9AF-BF25-46E8-A232-55965DF15850}.Remote Debug|x32.Build.0 = Remote Debug|x86
		{3E5FC9AF-BF25-46E8-A232-55965DF15850}.Remote Debug|x64.ActiveCfg = Remote Debug|x64
		{3E5FC9AF-BF25-46E8-A232-55965DF15850}.Remote Debug|x64.Build.0 = Remote Debug|x64
		{3E5FC9AF-BF25-46E8-A232-55965DF15850}.Remote Debug|x86.ActiveCfg = Remote Debug|x86
		{3E5FC9AF-BF25-46E8-A232-55965DF15850}.Remote Debug|x86.Build.0 = Remote Debug|x86
		{3E5FC9AF-BF25-46E8-A232-55965DF15850}.Remote Release|Any CPU.ActiveCfg = Release|Any CPU
		{3E5FC9AF-BF25-46E8-A232-55965DF15850}.Remote Release|Any CPU.Build.0 = Release|Any CPU
		{3E5FC9AF-BF25-46E8-A232-55965DF15850}.Remote Release|Mixed Platforms.ActiveCfg = Remote Release|x86
		{3E5FC9AF-BF25-46E8-A232-55965DF15850}.Remote Release|Mixed Platforms.Build.0 = Remote Release|x86
		{3E5FC9AF-BF25-46E8-A232-55965DF15850}.Remote Release|x32.ActiveCfg = Remote Release|x86
		{3E5FC9AF-BF25-46E8-A232-55965DF15850}.Remote Release|x32.Build.0 = Remote Release|x86
		{3E5FC9AF-BF25-46E8-A232-55965DF15850}.Remote Release|x64.ActiveCfg = Remote Release|x64
		{3E5FC9AF-BF25-46E8-A232-55965DF15850}.Remote Release|x64.Build.0 = Remote Release|x64
		{3E5FC9AF-BF25-46E8-A232-55965DF15850}.Remote Release|x86.ActiveCfg = Remote Release|x86
		{3E5FC9AF-BF25-46E8-A232-55965DF15850}.Remote Release|x86.Build.0 = Remote Release|x86
		{3E5FC9AF-BF25-46E8-A232-55965DF15850}.Simulation|Any CPU.ActiveCfg = Debug|Any CPU
		{3E5FC9AF-BF25-46E8-A232-55965DF15850}.Simulation|Any CPU.Build.0 = Debug|Any CPU
		{3E5FC9AF-BF25-46E8-A232-55965DF15850}.Simulation|Mixed Platforms.ActiveCfg = Simulation|Any CPU
		{3E5FC9AF-BF25-46E8-A232-55965DF15850}.Simulation|Mixed Platforms.Build.0 = Simulation|Any CPU
		{3E5FC9AF-BF25-46E8-A232-55965DF15850}.Simulation|x32.ActiveCfg = Simulation|Any CPU
		{3E5FC9AF-BF25-46E8-A232-55965DF15850}.Simulation|x32.Build.0 = Simulation|Any CPU
		{3E5FC9AF-BF25-46E8-A232-55965DF15850}.Simulation|x64.ActiveCfg = Debug|x64
		{3E5FC9AF-BF25-46E8-A232-55965DF15850}.Simulation|x64.Build.0 = Debug|x64
		{3E5FC9AF-BF25-46E8-A232-55965DF15850}.Simulation|x86.ActiveCfg = Debug|x86
		{3E5FC9AF-BF25-46E8-A232-55965DF15850}.Simulation|x86.Build.0 = Debug|x86
		{46658B31-1E7B-4975-93B6-D8B75D00BCFA}.Debug|Any CPU.ActiveCfg = Debug|Any CPU
		{46658B31-1E7B-4975-93B6-D8B75D00BCFA}.Debug|Any CPU.Build.0 = Debug|Any CPU
		{46658B31-1E7B-4975-93B6-D8B75D00BCFA}.Debug|Mixed Platforms.ActiveCfg = Debug|Any CPU
		{46658B31-1E7B-4975-93B6-D8B75D00BCFA}.Debug|Mixed Platforms.Build.0 = Debug|Any CPU
		{46658B31-1E7B-4975-93B6-D8B75D00BCFA}.Debug|x32.ActiveCfg = Debug|Any CPU
		{46658B31-1E7B-4975-93B6-D8B75D00BCFA}.Debug|x32.Build.0 = Debug|Any CPU
		{46658B31-1E7B-4975-93B6-D8B75D00BCFA}.Debug|x64.ActiveCfg = Debug|x64
		{46658B31-1E7B-4975-93B6-D8B75D00BCFA}.Debug|x64.Build.0 = Debug|x64
		{46658B31-1E7B-4975-93B6-D8B75D00BCFA}.Debug|x86.ActiveCfg = Debug|x86
		{46658B31-1E7B-4975-93B6-D8B75D00BCFA}.Debug|x86.Build.0 = Debug|x86
		{46658B31-1E7B-4975-93B6-D8B75D00BCFA}.Release|Any CPU.ActiveCfg = Release|Any CPU
		{46658B31-1E7B-4975-93B6-D8B75D00BCFA}.Release|Any CPU.Build.0 = Release|Any CPU
		{46658B31-1E7B-4975-93B6-D8B75D00BCFA}.Release|Mixed Platforms.ActiveCfg = Release|Any CPU
		{46658B31-1E7B-4975-93B6-D8B75D00BCFA}.Release|Mixed Platforms.Build.0 = Release|Any CPU
		{46658B31-1E7B-4975-93B6-D8B75D00BCFA}.Release|x32.ActiveCfg = Release|Any CPU
		{46658B31-1E7B-4975-93B6-D8B75D00BCFA}.Release|x32.Build.0 = Release|Any CPU
		{46658B31-1E7B-4975-93B6-D8B75D00BCFA}.Release|x64.ActiveCfg = Release|x64
		{46658B31-1E7B-4975-93B6-D8B75D00BCFA}.Release|x64.Build.0 = Release|x64
		{46658B31-1E7B-4975-93B6-D8B75D00BCFA}.Release|x86.ActiveCfg = Release|x86
		{46658B31-1E7B-4975-93B6-D8B75D00BCFA}.Release|x86.Build.0 = Release|x86
		{46658B31-1E7B-4975-93B6-D8B75D00BCFA}.Remote Debug|Any CPU.ActiveCfg = Debug|Any CPU
		{46658B31-1E7B-4975-93B6-D8B75D00BCFA}.Remote Debug|Any CPU.Build.0 = Debug|Any CPU
		{46658B31-1E7B-4975-93B6-D8B75D00BCFA}.Remote Debug|Mixed Platforms.ActiveCfg = Remote Debug|x86
		{46658B31-1E7B-4975-93B6-D8B75D00BCFA}.Remote Debug|Mixed Platforms.Build.0 = Remote Debug|x86
		{46658B31-1E7B-4975-93B6-D8B75D00BCFA}.Remote Debug|x32.ActiveCfg = Remote Debug|x86
		{46658B31-1E7B-4975-93B6-D8B75D00BCFA}.Remote Debug|x32.Build.0 = Remote Debug|x86
		{46658B31-1E7B-4975-93B6-D8B75D00BCFA}.Remote Debug|x64.ActiveCfg = Remote Debug|x64
		{46658B31-1E7B-4975-93B6-D8B75D00BCFA}.Remote Debug|x64.Build.0 = Remote Debug|x64
		{46658B31-1E7B-4975-93B6-D8B75D00BCFA}.Remote Debug|x86.ActiveCfg = Remote Debug|x86
		{46658B31-1E7B-4975-93B6-D8B75D00BCFA}.Remote Debug|x86.Build.0 = Remote Debug|x86
		{46658B31-1E7B-4975-93B6-D8B75D00BCFA}.Remote Release|Any CPU.ActiveCfg = Release|Any CPU
		{46658B31-1E7B-4975-93B6-D8B75D00BCFA}.Remote Release|Any CPU.Build.0 = Release|Any CPU
		{46658B31-1E7B-4975-93B6-D8B75D00BCFA}.Remote Release|Mixed Platforms.ActiveCfg = Remote Release|x86
		{46658B31-1E7B-4975-93B6-D8B75D00BCFA}.Remote Release|Mixed Platforms.Build.0 = Remote Release|x86
		{46658B31-1E7B-4975-93B6-D8B75D00BCFA}.Remote Release|x32.ActiveCfg = Remote Release|x86
		{46658B31-1E7B-4975-93B6-D8B75D00BCFA}.Remote Release|x32.Build.0 = Remote Release|x86
		{46658B31-1E7B-4975-93B6-D8B75D00BCFA}.Remote Release|x64.ActiveCfg = Remote Release|x64
		{46658B31-1E7B-4975-93B6-D8B75D00BCFA}.Remote Release|x64.Build.0 = Remote Release|x64
		{46658B31-1E7B-4975-93B6-D8B75D00BCFA}.Remote Release|x86.ActiveCfg = Remote Release|x86
		{46658B31-1E7B-4975-93B6-D8B75D00BCFA}.Remote Release|x86.Build.0 = Remote Release|x86
		{46658B31-1E7B-4975-93B6-D8B75D00BCFA}.Simulation|Any CPU.ActiveCfg = Simulation|Any CPU
		{46658B31-1E7B-4975-93B6-D8B75D00BCFA}.Simulation|Any CPU.Build.0 = Simulation|Any CPU
		{46658B31-1E7B-4975-93B6-D8B75D00BCFA}.Simulation|Mixed Platforms.ActiveCfg = Simulation|Any CPU
		{46658B31-1E7B-4975-93B6-D8B75D00BCFA}.Simulation|Mixed Platforms.Build.0 = Simulation|Any CPU
		{46658B31-1E7B-4975-93B6-D8B75D00BCFA}.Simulation|x32.ActiveCfg = Simulation|Any CPU
		{46658B31-1E7B-4975-93B6-D8B75D00BCFA}.Simulation|x32.Build.0 = Simulation|Any CPU
		{46658B31-1E7B-4975-93B6-D8B75D00BCFA}.Simulation|x64.ActiveCfg = Debug|x64
		{46658B31-1E7B-4975-93B6-D8B75D00BCFA}.Simulation|x64.Build.0 = Debug|x64
		{46658B31-1E7B-4975-93B6-D8B75D00BCFA}.Simulation|x86.ActiveCfg = Debug|x86
		{46658B31-1E7B-4975-93B6-D8B75D00BCFA}.Simulation|x86.Build.0 = Debug|x86
		{269C8C91-CF4B-4366-A16D-D344E93EE571}.Debug|Any CPU.ActiveCfg = Debug|Any CPU
		{269C8C91-CF4B-4366-A16D-D344E93EE571}.Debug|Any CPU.Build.0 = Debug|Any CPU
		{269C8C91-CF4B-4366-A16D-D344E93EE571}.Debug|Mixed Platforms.ActiveCfg = Debug|Any CPU
		{269C8C91-CF4B-4366-A16D-D344E93EE571}.Debug|Mixed Platforms.Build.0 = Debug|Any CPU
		{269C8C91-CF4B-4366-A16D-D344E93EE571}.Debug|x32.ActiveCfg = Debug|Any CPU
		{269C8C91-CF4B-4366-A16D-D344E93EE571}.Debug|x32.Build.0 = Debug|Any CPU
		{269C8C91-CF4B-4366-A16D-D344E93EE571}.Debug|x64.ActiveCfg = Debug|x64
		{269C8C91-CF4B-4366-A16D-D344E93EE571}.Debug|x64.Build.0 = Debug|x64
		{269C8C91-CF4B-4366-A16D-D344E93EE571}.Debug|x86.ActiveCfg = Debug|x86
		{269C8C91-CF4B-4366-A16D-D344E93EE571}.Debug|x86.Build.0 = Debug|x86
		{269C8C91-CF4B-4366-A16D-D344E93EE571}.Release|Any CPU.ActiveCfg = Release|Any CPU
		{269C8C91-CF4B-4366-A16D-D344E93EE571}.Release|Any CPU.Build.0 = Release|Any CPU
		{269C8C91-CF4B-4366-A16D-D344E93EE571}.Release|Mixed Platforms.ActiveCfg = Release|Any CPU
		{269C8C91-CF4B-4366-A16D-D344E93EE571}.Release|Mixed Platforms.Build.0 = Release|Any CPU
		{269C8C91-CF4B-4366-A16D-D344E93EE571}.Release|x32.ActiveCfg = Release|Any CPU
		{269C8C91-CF4B-4366-A16D-D344E93EE571}.Release|x32.Build.0 = Release|Any CPU
		{269C8C91-CF4B-4366-A16D-D344E93EE571}.Release|x64.ActiveCfg = Release|x64
		{269C8C91-CF4B-4366-A16D-D344E93EE571}.Release|x64.Build.0 = Release|x64
		{269C8C91-CF4B-4366-A16D-D344E93EE571}.Release|x86.ActiveCfg = Release|x86
		{269C8C91-CF4B-4366-A16D-D344E93EE571}.Release|x86.Build.0 = Release|x86
		{269C8C91-CF4B-4366-A16D-D344E93EE571}.Remote Debug|Any CPU.ActiveCfg = Debug|Any CPU
		{269C8C91-CF4B-4366-A16D-D344E93EE571}.Remote Debug|Any CPU.Build.0 = Debug|Any CPU
		{269C8C91-CF4B-4366-A16D-D344E93EE571}.Remote Debug|Mixed Platforms.ActiveCfg = Remote Debug|x86
		{269C8C91-CF4B-4366-A16D-D344E93EE571}.Remote Debug|Mixed Platforms.Build.0 = Remote Debug|x86
		{269C8C91-CF4B-4366-A16D-D344E93EE571}.Remote Debug|x32.ActiveCfg = Remote Debug|x86
		{269C8C91-CF4B-4366-A16D-D344E93EE571}.Remote Debug|x32.Build.0 = Remote Debug|x86
		{269C8C91-CF4B-4366-A16D-D344E93EE571}.Remote Debug|x64.ActiveCfg = Remote Debug|x64
		{269C8C91-CF4B-4366-A16D-D344E93EE571}.Remote Debug|x64.Build.0 = Remote Debug|x64
		{269C8C91-CF4B-4366-A16D-D344E93EE571}.Remote Debug|x86.ActiveCfg = Remote Debug|x86
		{269C8C91-CF4B-4366-A16D-D344E93EE571}.Remote Debug|x86.Build.0 = Remote Debug|x86
		{269C8C91-CF4B-4366-A16D-D344E93EE571}.Remote Release|Any CPU.ActiveCfg = Release|Any CPU
		{269C8C91-CF4B-4366-A16D-D344E93EE571}.Remote Release|Any CPU.Build.0 = Release|Any CPU
		{269C8C91-CF4B-4366-A16D-D344E93EE571}.Remote Release|Mixed Platforms.ActiveCfg = Remote Release|x86
		{269C8C91-CF4B-4366-A16D-D344E93EE571}.Remote Release|Mixed Platforms.Build.0 = Remote Release|x86
		{269C8C91-CF4B-4366-A16D-D344E93EE571}.Remote Release|x32.ActiveCfg = Remote Release|x86
		{269C8C91-CF4B-4366-A16D-D344E93EE571}.Remote Release|x32.Build.0 = Remote Release|x86
		{269C8C91-CF4B-4366-A16D-D344E93EE571}.Remote Release|x64.ActiveCfg = Remote Release|x64
		{269C8C91-CF4B-4366-A16D-D344E93EE571}.Remote Release|x64.Build.0 = Remote Release|x64
		{269C8C91-CF4B-4366-A16D-D344E93EE571}.Remote Release|x86.ActiveCfg = Remote Release|x86
		{269C8C91-CF4B-4366-A16D-D344E93EE571}.Remote Release|x86.Build.0 = Remote Release|x86
		{269C8C91-CF4B-4366-A16D-D344E93EE571}.Simulation|Any CPU.ActiveCfg = Debug|Any CPU
		{269C8C91-CF4B-4366-A16D-D344E93EE571}.Simulation|Any CPU.Build.0 = Debug|Any CPU
		{269C8C91-CF4B-4366-A16D-D344E93EE571}.Simulation|Mixed Platforms.ActiveCfg = Simulation|Any CPU
		{269C8C91-CF4B-4366-A16D-D344E93EE571}.Simulation|Mixed Platforms.Build.0 = Simulation|Any CPU
		{269C8C91-CF4B-4366-A16D-D344E93EE571}.Simulation|x32.ActiveCfg = Simulation|Any CPU
		{269C8C91-CF4B-4366-A16D-D344E93EE571}.Simulation|x32.Build.0 = Simulation|Any CPU
		{269C8C91-CF4B-4366-A16D-D344E93EE571}.Simulation|x64.ActiveCfg = Debug|x64
		{269C8C91-CF4B-4366-A16D-D344E93EE571}.Simulation|x64.Build.0 = Debug|x64
		{269C8C91-CF4B-4366-A16D-D344E93EE571}.Simulation|x86.ActiveCfg = Debug|x86
		{269C8C91-CF4B-4366-A16D-D344E93EE571}.Simulation|x86.Build.0 = Debug|x86
		{836015AE-5049-4B39-801F-A363AEA3C537}.Debug|Any CPU.ActiveCfg = Debug|Any CPU
		{836015AE-5049-4B39-801F-A363AEA3C537}.Debug|Any CPU.Build.0 = Debug|Any CPU
		{836015AE-5049-4B39-801F-A363AEA3C537}.Debug|Mixed Platforms.ActiveCfg = Debug|x86
		{836015AE-5049-4B39-801F-A363AEA3C537}.Debug|Mixed Platforms.Build.0 = Debug|x86
		{836015AE-5049-4B39-801F-A363AEA3C537}.Debug|x32.ActiveCfg = Debug|x86
		{836015AE-5049-4B39-801F-A363AEA3C537}.Debug|x32.Build.0 = Debug|x86
		{836015AE-5049-4B39-801F-A363AEA3C537}.Debug|x64.ActiveCfg = Debug|x64
		{836015AE-5049-4B39-801F-A363AEA3C537}.Debug|x64.Build.0 = Debug|x64
		{836015AE-5049-4B39-801F-A363AEA3C537}.Debug|x86.ActiveCfg = Debug|x86
		{836015AE-5049-4B39-801F-A363AEA3C537}.Debug|x86.Build.0 = Debug|x86
		{836015AE-5049-4B39-801F-A363AEA3C537}.Release|Any CPU.ActiveCfg = Release|Any CPU
		{836015AE-5049-4B39-801F-A363AEA3C537}.Release|Any CPU.Build.0 = Release|Any CPU
		{836015AE-5049-4B39-801F-A363AEA3C537}.Release|Mixed Platforms.ActiveCfg = Release|x86
		{836015AE-5049-4B39-801F-A363AEA3C537}.Release|Mixed Platforms.Build.0 = Release|x86
		{836015AE-5049-4B39-801F-A363AEA3C537}.Release|x32.ActiveCfg = Release|x86
		{836015AE-5049-4B39-801F-A363AEA3C537}.Release|x32.Build.0 = Release|x86
		{836015AE-5049-4B39-801F-A363AEA3C537}.Release|x64.ActiveCfg = Release|x64
		{836015AE-5049-4B39-801F-A363AEA3C537}.Release|x64.Build.0 = Release|x64
		{836015AE-5049-4B39-801F-A363AEA3C537}.Release|x86.ActiveCfg = Release|x86
		{836015AE-5049-4B39-801F-A363AEA3C537}.Release|x86.Build.0 = Release|x86
		{836015AE-5049-4B39-801F-A363AEA3C537}.Remote Debug|Any CPU.ActiveCfg = Debug|Any CPU
		{836015AE-5049-4B39-801F-A363AEA3C537}.Remote Debug|Any CPU.Build.0 = Debug|Any CPU
		{836015AE-5049-4B39-801F-A363AEA3C537}.Remote Debug|Mixed Platforms.ActiveCfg = Remote Debug|x86
		{836015AE-5049-4B39-801F-A363AEA3C537}.Remote Debug|Mixed Platforms.Build.0 = Remote Debug|x86
		{836015AE-5049-4B39-801F-A363AEA3C537}.Remote Debug|x32.ActiveCfg = Remote Debug|x86
		{836015AE-5049-4B39-801F-A363AEA3C537}.Remote Debug|x32.Build.0 = Remote Debug|x86
		{836015AE-5049-4B39-801F-A363AEA3C537}.Remote Debug|x64.ActiveCfg = Remote Debug|x64
		{836015AE-5049-4B39-801F-A363AEA3C537}.Remote Debug|x64.Build.0 = Remote Debug|x64
		{836015AE-5049-4B39-801F-A363AEA3C537}.Remote Debug|x86.ActiveCfg = Remote Debug|x86
		{836015AE-5049-4B39-801F-A363AEA3C537}.Remote Debug|x86.Build.0 = Remote Debug|x86
		{836015AE-5049-4B39-801F-A363AEA3C537}.Remote Release|Any CPU.ActiveCfg = Release|Any CPU
		{836015AE-5049-4B39-801F-A363AEA3C537}.Remote Release|Any CPU.Build.0 = Release|Any CPU
		{836015AE-5049-4B39-801F-A363AEA3C537}.Remote Release|Mixed Platforms.ActiveCfg = Remote Release|x86
		{836015AE-5049-4B39-801F-A363AEA3C537}.Remote Release|Mixed Platforms.Build.0 = Remote Release|x86
		{836015AE-5049-4B39-801F-A363AEA3C537}.Remote Release|x32.ActiveCfg = Remote Release|x86
		{836015AE-5049-4B39-801F-A363AEA3C537}.Remote Release|x32.Build.0 = Remote Release|x86
		{836015AE-5049-4B39-801F-A363AEA3C537}.Remote Release|x64.ActiveCfg = Remote Release|x64
		{836015AE-5049-4B39-801F-A363AEA3C537}.Remote Release|x64.Build.0 = Remote Release|x64
		{836015AE-5049-4B39-801F-A363AEA3C537}.Remote Release|x86.ActiveCfg = Remote Release|x86
		{836015AE-5049-4B39-801F-A363AEA3C537}.Remote Release|x86.Build.0 = Remote Release|x86
		{836015AE-5049-4B39-801F-A363AEA3C537}.Simulation|Any CPU.ActiveCfg = Debug|Any CPU
		{836015AE-5049-4B39-801F-A363AEA3C537}.Simulation|Any CPU.Build.0 = Debug|Any CPU
		{836015AE-5049-4B39-801F-A363AEA3C537}.Simulation|Mixed Platforms.ActiveCfg = Simulation|Any CPU
		{836015AE-5049-4B39-801F-A363AEA3C537}.Simulation|Mixed Platforms.Build.0 = Simulation|Any CPU
		{836015AE-5049-4B39-801F-A363AEA3C537}.Simulation|x32.ActiveCfg = Simulation|Any CPU
		{836015AE-5049-4B39-801F-A363AEA3C537}.Simulation|x32.Build.0 = Simulation|Any CPU
		{836015AE-5049-4B39-801F-A363AEA3C537}.Simulation|x64.ActiveCfg = Debug|x64
		{836015AE-5049-4B39-801F-A363AEA3C537}.Simulation|x64.Build.0 = Debug|x64
		{836015AE-5049-4B39-801F-A363AEA3C537}.Simulation|x86.ActiveCfg = Debug|x86
		{836015AE-5049-4B39-801F-A363AEA3C537}.Simulation|x86.Build.0 = Debug|x86
		{0485848D-DE0A-4B86-9F59-C413FD3E8750}.Debug|Any CPU.ActiveCfg = Debug|Any CPU
		{0485848D-DE0A-4B86-9F59-C413FD3E8750}.Debug|Any CPU.Build.0 = Debug|Any CPU
		{0485848D-DE0A-4B86-9F59-C413FD3E8750}.Debug|Mixed Platforms.ActiveCfg = Debug|Any CPU
		{0485848D-DE0A-4B86-9F59-C413FD3E8750}.Debug|Mixed Platforms.Build.0 = Debug|Any CPU
		{0485848D-DE0A-4B86-9F59-C413FD3E8750}.Debug|x32.ActiveCfg = Debug|Any CPU
		{0485848D-DE0A-4B86-9F59-C413FD3E8750}.Debug|x32.Build.0 = Debug|Any CPU
		{0485848D-DE0A-4B86-9F59-C413FD3E8750}.Debug|x64.ActiveCfg = Debug|Any CPU
		{0485848D-DE0A-4B86-9F59-C413FD3E8750}.Debug|x64.Build.0 = Debug|Any CPU
		{0485848D-DE0A-4B86-9F59-C413FD3E8750}.Debug|x86.ActiveCfg = Debug|Any CPU
		{0485848D-DE0A-4B86-9F59-C413FD3E8750}.Debug|x86.Build.0 = Debug|Any CPU
		{0485848D-DE0A-4B86-9F59-C413FD3E8750}.Release|Any CPU.ActiveCfg = Release|Any CPU
		{0485848D-DE0A-4B86-9F59-C413FD3E8750}.Release|Any CPU.Build.0 = Release|Any CPU
		{0485848D-DE0A-4B86-9F59-C413FD3E8750}.Release|Mixed Platforms.ActiveCfg = Release|Any CPU
		{0485848D-DE0A-4B86-9F59-C413FD3E8750}.Release|Mixed Platforms.Build.0 = Release|Any CPU
		{0485848D-DE0A-4B86-9F59-C413FD3E8750}.Release|x32.ActiveCfg = Release|Any CPU
		{0485848D-DE0A-4B86-9F59-C413FD3E8750}.Release|x32.Build.0 = Release|Any CPU
		{0485848D-DE0A-4B86-9F59-C413FD3E8750}.Release|x64.ActiveCfg = Release|Any CPU
		{0485848D-DE0A-4B86-9F59-C413FD3E8750}.Release|x64.Build.0 = Release|Any CPU
		{0485848D-DE0A-4B86-9F59-C413FD3E8750}.Release|x86.ActiveCfg = Release|Any CPU
		{0485848D-DE0A-4B86-9F59-C413FD3E8750}.Release|x86.Build.0 = Release|Any CPU
		{0485848D-DE0A-4B86-9F59-C413FD3E8750}.Remote Debug|Any CPU.ActiveCfg = Debug|Any CPU
		{0485848D-DE0A-4B86-9F59-C413FD3E8750}.Remote Debug|Any CPU.Build.0 = Debug|Any CPU
		{0485848D-DE0A-4B86-9F59-C413FD3E8750}.Remote Debug|Mixed Platforms.ActiveCfg = Remote Debug|Any CPU
		{0485848D-DE0A-4B86-9F59-C413FD3E8750}.Remote Debug|Mixed Platforms.Build.0 = Remote Debug|Any CPU
		{0485848D-DE0A-4B86-9F59-C413FD3E8750}.Remote Debug|x32.ActiveCfg = Remote Debug|Any CPU
		{0485848D-DE0A-4B86-9F59-C413FD3E8750}.Remote Debug|x32.Build.0 = Remote Debug|Any CPU
		{0485848D-DE0A-4B86-9F59-C413FD3E8750}.Remote Debug|x64.ActiveCfg = Remote Debug|Any CPU
		{0485848D-DE0A-4B86-9F59-C413FD3E8750}.Remote Debug|x64.Build.0 = Remote Debug|Any CPU
		{0485848D-DE0A-4B86-9F59-C413FD3E8750}.Remote Debug|x86.ActiveCfg = Remote Debug|Any CPU
		{0485848D-DE0A-4B86-9F59-C413FD3E8750}.Remote Debug|x86.Build.0 = Remote Debug|Any CPU
		{0485848D-DE0A-4B86-9F59-C413FD3E8750}.Remote Release|Any CPU.ActiveCfg = Release|Any CPU
		{0485848D-DE0A-4B86-9F59-C413FD3E8750}.Remote Release|Any CPU.Build.0 = Release|Any CPU
		{0485848D-DE0A-4B86-9F59-C413FD3E8750}.Remote Release|Mixed Platforms.ActiveCfg = Remote Release|Any CPU
		{0485848D-DE0A-4B86-9F59-C413FD3E8750}.Remote Release|Mixed Platforms.Build.0 = Remote Release|Any CPU
		{0485848D-DE0A-4B86-9F59-C413FD3E8750}.Remote Release|x32.ActiveCfg = Remote Release|Any CPU
		{0485848D-DE0A-4B86-9F59-C413FD3E8750}.Remote Release|x32.Build.0 = Remote Release|Any CPU
		{0485848D-DE0A-4B86-9F59-C413FD3E8750}.Remote Release|x64.ActiveCfg = Remote Release|Any CPU
		{0485848D-DE0A-4B86-9F59-C413FD3E8750}.Remote Release|x64.Build.0 = Remote Release|Any CPU
		{0485848D-DE0A-4B86-9F59-C413FD3E8750}.Remote Release|x86.ActiveCfg = Remote Release|Any CPU
		{0485848D-DE0A-4B86-9F59-C413FD3E8750}.Remote Release|x86.Build.0 = Remote Release|Any CPU
		{0485848D-DE0A-4B86-9F59-C413FD3E8750}.Simulation|Any CPU.ActiveCfg = Debug|Any CPU
		{0485848D-DE0A-4B86-9F59-C413FD3E8750}.Simulation|Any CPU.Build.0 = Debug|Any CPU
		{0485848D-DE0A-4B86-9F59-C413FD3E8750}.Simulation|Mixed Platforms.ActiveCfg = Simulation|Any CPU
		{0485848D-DE0A-4B86-9F59-C413FD3E8750}.Simulation|Mixed Platforms.Build.0 = Simulation|Any CPU
		{0485848D-DE0A-4B86-9F59-C413FD3E8750}.Simulation|x32.ActiveCfg = Simulation|Any CPU
		{0485848D-DE0A-4B86-9F59-C413FD3E8750}.Simulation|x32.Build.0 = Simulation|Any CPU
		{0485848D-DE0A-4B86-9F59-C413FD3E8750}.Simulation|x64.ActiveCfg = Debug|Any CPU
		{0485848D-DE0A-4B86-9F59-C413FD3E8750}.Simulation|x64.Build.0 = Debug|Any CPU
		{0485848D-DE0A-4B86-9F59-C413FD3E8750}.Simulation|x86.ActiveCfg = Debug|Any CPU
		{0485848D-DE0A-4B86-9F59-C413FD3E8750}.Simulation|x86.Build.0 = Debug|Any CPU
		{A1E535D6-89D2-4805-9109-C57F46A5A72C}.Debug|Any CPU.ActiveCfg = Debug|Any CPU
		{A1E535D6-89D2-4805-9109-C57F46A5A72C}.Debug|Any CPU.Build.0 = Debug|Any CPU
		{A1E535D6-89D2-4805-9109-C57F46A5A72C}.Debug|Mixed Platforms.ActiveCfg = Debug|x64
		{A1E535D6-89D2-4805-9109-C57F46A5A72C}.Debug|Mixed Platforms.Build.0 = Debug|x64
		{A1E535D6-89D2-4805-9109-C57F46A5A72C}.Debug|x32.ActiveCfg = Debug|x64
		{A1E535D6-89D2-4805-9109-C57F46A5A72C}.Debug|x32.Build.0 = Debug|x64
		{A1E535D6-89D2-4805-9109-C57F46A5A72C}.Debug|x64.ActiveCfg = Debug|x64
		{A1E535D6-89D2-4805-9109-C57F46A5A72C}.Debug|x64.Build.0 = Debug|x64
		{A1E535D6-89D2-4805-9109-C57F46A5A72C}.Debug|x86.ActiveCfg = Debug|x86
		{A1E535D6-89D2-4805-9109-C57F46A5A72C}.Debug|x86.Build.0 = Debug|x86
		{A1E535D6-89D2-4805-9109-C57F46A5A72C}.Release|Any CPU.ActiveCfg = Release|Any CPU
		{A1E535D6-89D2-4805-9109-C57F46A5A72C}.Release|Any CPU.Build.0 = Release|Any CPU
		{A1E535D6-89D2-4805-9109-C57F46A5A72C}.Release|Mixed Platforms.ActiveCfg = Release|x86
		{A1E535D6-89D2-4805-9109-C57F46A5A72C}.Release|Mixed Platforms.Build.0 = Release|x86
		{A1E535D6-89D2-4805-9109-C57F46A5A72C}.Release|x32.ActiveCfg = Release|x86
		{A1E535D6-89D2-4805-9109-C57F46A5A72C}.Release|x32.Build.0 = Release|x86
		{A1E535D6-89D2-4805-9109-C57F46A5A72C}.Release|x64.ActiveCfg = Release|x64
		{A1E535D6-89D2-4805-9109-C57F46A5A72C}.Release|x64.Build.0 = Release|x64
		{A1E535D6-89D2-4805-9109-C57F46A5A72C}.Release|x86.ActiveCfg = Release|x86
		{A1E535D6-89D2-4805-9109-C57F46A5A72C}.Release|x86.Build.0 = Release|x86
		{A1E535D6-89D2-4805-9109-C57F46A5A72C}.Remote Debug|Any CPU.ActiveCfg = Remote Debug|Any CPU
		{A1E535D6-89D2-4805-9109-C57F46A5A72C}.Remote Debug|Any CPU.Build.0 = Remote Debug|Any CPU
		{A1E535D6-89D2-4805-9109-C57F46A5A72C}.Remote Debug|Mixed Platforms.ActiveCfg = Remote Debug|x86
		{A1E535D6-89D2-4805-9109-C57F46A5A72C}.Remote Debug|Mixed Platforms.Build.0 = Remote Debug|x86
		{A1E535D6-89D2-4805-9109-C57F46A5A72C}.Remote Debug|x32.ActiveCfg = Remote Debug|x86
		{A1E535D6-89D2-4805-9109-C57F46A5A72C}.Remote Debug|x32.Build.0 = Remote Debug|x86
		{A1E535D6-89D2-4805-9109-C57F46A5A72C}.Remote Debug|x64.ActiveCfg = Remote Debug|x64
		{A1E535D6-89D2-4805-9109-C57F46A5A72C}.Remote Debug|x64.Build.0 = Remote Debug|x64
		{A1E535D6-89D2-4805-9109-C57F46A5A72C}.Remote Debug|x86.ActiveCfg = Remote Debug|x86
		{A1E535D6-89D2-4805-9109-C57F46A5A72C}.Remote Debug|x86.Build.0 = Remote Debug|x86
		{A1E535D6-89D2-4805-9109-C57F46A5A72C}.Remote Release|Any CPU.ActiveCfg = Remote Release|Any CPU
		{A1E535D6-89D2-4805-9109-C57F46A5A72C}.Remote Release|Any CPU.Build.0 = Remote Release|Any CPU
		{A1E535D6-89D2-4805-9109-C57F46A5A72C}.Remote Release|Mixed Platforms.ActiveCfg = Remote Release|x86
		{A1E535D6-89D2-4805-9109-C57F46A5A72C}.Remote Release|Mixed Platforms.Build.0 = Remote Release|x86
		{A1E535D6-89D2-4805-9109-C57F46A5A72C}.Remote Release|x32.ActiveCfg = Remote Release|x86
		{A1E535D6-89D2-4805-9109-C57F46A5A72C}.Remote Release|x32.Build.0 = Remote Release|x86
		{A1E535D6-89D2-4805-9109-C57F46A5A72C}.Remote Release|x64.ActiveCfg = Remote Release|x64
		{A1E535D6-89D2-4805-9109-C57F46A5A72C}.Remote Release|x64.Build.0 = Remote Release|x64
		{A1E535D6-89D2-4805-9109-C57F46A5A72C}.Remote Release|x86.ActiveCfg = Remote Release|x86
		{A1E535D6-89D2-4805-9109-C57F46A5A72C}.Remote Release|x86.Build.0 = Remote Release|x86
		{A1E535D6-89D2-4805-9109-C57F46A5A72C}.Simulation|Any CPU.ActiveCfg = Debug|Any CPU
		{A1E535D6-89D2-4805-9109-C57F46A5A72C}.Simulation|Any CPU.Build.0 = Debug|Any CPU
		{A1E535D6-89D2-4805-9109-C57F46A5A72C}.Simulation|Mixed Platforms.ActiveCfg = Simulation|Any CPU
		{A1E535D6-89D2-4805-9109-C57F46A5A72C}.Simulation|Mixed Platforms.Build.0 = Simulation|Any CPU
		{A1E535D6-89D2-4805-9109-C57F46A5A72C}.Simulation|x32.ActiveCfg = Simulation|Any CPU
		{A1E535D6-89D2-4805-9109-C57F46A5A72C}.Simulation|x32.Build.0 = Simulation|Any CPU
		{A1E535D6-89D2-4805-9109-C57F46A5A72C}.Simulation|x64.ActiveCfg = Simulation|x64
		{A1E535D6-89D2-4805-9109-C57F46A5A72C}.Simulation|x64.Build.0 = Simulation|x64
		{A1E535D6-89D2-4805-9109-C57F46A5A72C}.Simulation|x86.ActiveCfg = Simulation|x86
		{A1E535D6-89D2-4805-9109-C57F46A5A72C}.Simulation|x86.Build.0 = Simulation|x86
		{A26E73BD-86D3-4186-9656-A035A21D1093}.Debug|Any CPU.ActiveCfg = Debug|Any CPU
		{A26E73BD-86D3-4186-9656-A035A21D1093}.Debug|Any CPU.Build.0 = Debug|Any CPU
		{A26E73BD-86D3-4186-9656-A035A21D1093}.Debug|Mixed Platforms.ActiveCfg = Debug|Any CPU
		{A26E73BD-86D3-4186-9656-A035A21D1093}.Debug|Mixed Platforms.Build.0 = Debug|Any CPU
		{A26E73BD-86D3-4186-9656-A035A21D1093}.Debug|x32.ActiveCfg = Debug|Any CPU
		{A26E73BD-86D3-4186-9656-A035A21D1093}.Debug|x32.Build.0 = Debug|Any CPU
		{A26E73BD-86D3-4186-9656-A035A21D1093}.Debug|x64.ActiveCfg = Debug|Any CPU
		{A26E73BD-86D3-4186-9656-A035A21D1093}.Debug|x64.Build.0 = Debug|Any CPU
		{A26E73BD-86D3-4186-9656-A035A21D1093}.Debug|x86.ActiveCfg = Debug|Any CPU
		{A26E73BD-86D3-4186-9656-A035A21D1093}.Debug|x86.Build.0 = Debug|Any CPU
		{A26E73BD-86D3-4186-9656-A035A21D1093}.Release|Any CPU.ActiveCfg = Release|Any CPU
		{A26E73BD-86D3-4186-9656-A035A21D1093}.Release|Any CPU.Build.0 = Release|Any CPU
		{A26E73BD-86D3-4186-9656-A035A21D1093}.Release|Mixed Platforms.ActiveCfg = Release|Any CPU
		{A26E73BD-86D3-4186-9656-A035A21D1093}.Release|Mixed Platforms.Build.0 = Release|Any CPU
		{A26E73BD-86D3-4186-9656-A035A21D1093}.Release|x32.ActiveCfg = Release|Any CPU
		{A26E73BD-86D3-4186-9656-A035A21D1093}.Release|x32.Build.0 = Release|Any CPU
		{A26E73BD-86D3-4186-9656-A035A21D1093}.Release|x64.ActiveCfg = Release|Any CPU
		{A26E73BD-86D3-4186-9656-A035A21D1093}.Release|x64.Build.0 = Release|Any CPU
		{A26E73BD-86D3-4186-9656-A035A21D1093}.Release|x86.ActiveCfg = Release|Any CPU
		{A26E73BD-86D3-4186-9656-A035A21D1093}.Release|x86.Build.0 = Release|Any CPU
		{A26E73BD-86D3-4186-9656-A035A21D1093}.Remote Debug|Any CPU.ActiveCfg = Debug|Any CPU
		{A26E73BD-86D3-4186-9656-A035A21D1093}.Remote Debug|Any CPU.Build.0 = Debug|Any CPU
		{A26E73BD-86D3-4186-9656-A035A21D1093}.Remote Debug|Mixed Platforms.ActiveCfg = Debug|Any CPU
		{A26E73BD-86D3-4186-9656-A035A21D1093}.Remote Debug|Mixed Platforms.Build.0 = Debug|Any CPU
		{A26E73BD-86D3-4186-9656-A035A21D1093}.Remote Debug|x32.ActiveCfg = Debug|Any CPU
		{A26E73BD-86D3-4186-9656-A035A21D1093}.Remote Debug|x32.Build.0 = Debug|Any CPU
		{A26E73BD-86D3-4186-9656-A035A21D1093}.Remote Debug|x64.ActiveCfg = Debug|Any CPU
		{A26E73BD-86D3-4186-9656-A035A21D1093}.Remote Debug|x64.Build.0 = Debug|Any CPU
		{A26E73BD-86D3-4186-9656-A035A21D1093}.Remote Debug|x86.ActiveCfg = Debug|Any CPU
		{A26E73BD-86D3-4186-9656-A035A21D1093}.Remote Debug|x86.Build.0 = Debug|Any CPU
		{A26E73BD-86D3-4186-9656-A035A21D1093}.Remote Release|Any CPU.ActiveCfg = Release|Any CPU
		{A26E73BD-86D3-4186-9656-A035A21D1093}.Remote Release|Any CPU.Build.0 = Release|Any CPU
		{A26E73BD-86D3-4186-9656-A035A21D1093}.Remote Release|Mixed Platforms.ActiveCfg = Release|Any CPU
		{A26E73BD-86D3-4186-9656-A035A21D1093}.Remote Release|Mixed Platforms.Build.0 = Release|Any CPU
		{A26E73BD-86D3-4186-9656-A035A21D1093}.Remote Release|x32.ActiveCfg = Release|Any CPU
		{A26E73BD-86D3-4186-9656-A035A21D1093}.Remote Release|x32.Build.0 = Release|Any CPU
		{A26E73BD-86D3-4186-9656-A035A21D1093}.Remote Release|x64.ActiveCfg = Release|Any CPU
		{A26E73BD-86D3-4186-9656-A035A21D1093}.Remote Release|x64.Build.0 = Release|Any CPU
		{A26E73BD-86D3-4186-9656-A035A21D1093}.Remote Release|x86.ActiveCfg = Release|Any CPU
		{A26E73BD-86D3-4186-9656-A035A21D1093}.Remote Release|x86.Build.0 = Release|Any CPU
		{A26E73BD-86D3-4186-9656-A035A21D1093}.Simulation|Any CPU.ActiveCfg = Debug|Any CPU
		{A26E73BD-86D3-4186-9656-A035A21D1093}.Simulation|Any CPU.Build.0 = Debug|Any CPU
		{A26E73BD-86D3-4186-9656-A035A21D1093}.Simulation|Mixed Platforms.ActiveCfg = Debug|Any CPU
		{A26E73BD-86D3-4186-9656-A035A21D1093}.Simulation|Mixed Platforms.Build.0 = Debug|Any CPU
		{A26E73BD-86D3-4186-9656-A035A21D1093}.Simulation|x32.ActiveCfg = Debug|Any CPU
		{A26E73BD-86D3-4186-9656-A035A21D1093}.Simulation|x32.Build.0 = Debug|Any CPU
		{A26E73BD-86D3-4186-9656-A035A21D1093}.Simulation|x64.ActiveCfg = Debug|Any CPU
		{A26E73BD-86D3-4186-9656-A035A21D1093}.Simulation|x64.Build.0 = Debug|Any CPU
		{A26E73BD-86D3-4186-9656-A035A21D1093}.Simulation|x86.ActiveCfg = Debug|Any CPU
		{A26E73BD-86D3-4186-9656-A035A21D1093}.Simulation|x86.Build.0 = Debug|Any CPU
	EndGlobalSection
	GlobalSection(SolutionProperties) = preSolution
		HideSolutionNode = FALSE
	EndGlobalSection
	GlobalSection(NestedProjects) = preSolution
		{44A83060-D371-48EF-B996-28B57F098002} = {3E2D1EBB-16A2-44F0-BA6B-E31D9DC80080}
		{055E37BC-E4E3-4D3A-8E74-AD3E71EB27AF} = {ADE9AD3D-0780-4C1B-91E7-243498AAE36C}
		{F9180EE7-9889-4E7E-8EDB-052A2777FC37} = {5F878AB1-A903-4D73-B2AC-7C9CC12D40AC}
		{FFAB358D-9E76-4C94-9FE3-EFF9B3F56E0A} = {5F878AB1-A903-4D73-B2AC-7C9CC12D40AC}
		{3E5FC9AF-BF25-46E8-A232-55965DF15850} = {5F878AB1-A903-4D73-B2AC-7C9CC12D40AC}
		{269C8C91-CF4B-4366-A16D-D344E93EE571} = {5F878AB1-A903-4D73-B2AC-7C9CC12D40AC}
		{0485848D-DE0A-4B86-9F59-C413FD3E8750} = {5F878AB1-A903-4D73-B2AC-7C9CC12D40AC}
		{A1E535D6-89D2-4805-9109-C57F46A5A72C} = {5F878AB1-A903-4D73-B2AC-7C9CC12D40AC}
		{A26E73BD-86D3-4186-9656-A035A21D1093} = {5F878AB1-A903-4D73-B2AC-7C9CC12D40AC}
	EndGlobalSection
	GlobalSection(ExtensibilityGlobals) = postSolution
		SolutionGuid = {30B054E1-DD3D-4287-BC28-6F58EEF141DE}
	EndGlobalSection
EndGlobal
